
Microsoft Visual Studio Solution File, Format Version 12.00
# Visual Studio Version 16
VisualStudioVersion = 16.0.31205.134
MinimumVisualStudioVersion = 10.0.40219.1
Project("{FAE04EC0-301F-11D3-BF4B-00C04F79EFBC}") = "Abobului_Ioan_3131_B_Lab_2", "Abobului_Ioan_3131_B_Lab_2.csproj", "{93C09EA8-AE91-445F-A0C8-B4730457118A}"
EndProject
Global
	GlobalSection(SolutionConfigurationPlatforms) = preSolution
		Debug|Any CPU = Debug|Any CPU
		Release|Any CPU = Release|Any CPU
	EndGlobalSection
	GlobalSection(ProjectConfigurationPlatforms) = postSolution
		{93C09EA8-AE91-445F-A0C8-B4730457118A}.Debug|Any CPU.ActiveCfg = Debug|Any CPU
		{93C09EA8-AE91-445F-A0C8-B4730457118A}.Debug|Any CPU.Build.0 = Debug|Any CPU
		{93C09EA8-AE91-445F-A0C8-B4730457118A}.Release|Any CPU.ActiveCfg = Release|Any CPU
		{93C09EA8-AE91-445F-A0C8-B4730457118A}.Release|Any CPU.Build.0 = Release|Any CPU
	EndGlobalSection
	GlobalSection(SolutionProperties) = preSolution
		HideSolutionNode = FALSE
	EndGlobalSection
	GlobalSection(ExtensibilityGlobals) = postSolution
		SolutionGuid = {6F88CE27-7F5B-41EC-B4CA-82E63F81CFC8}
	EndGlobalSection
EndGlobal
